// !$*UTF8*$!
{
	archiveVersion = 1;
	classes = {
	};
	objectVersion = 77;
	objects = {

/* Begin PBXBuildFile section */
		A519B4FE2F1B10A700C52E62 /* Swinject in Frameworks */ = {isa = PBXBuildFile; productRef = A519B4FD2F1B10A700C52E62 /* Swinject */; };
		A519B6552F1C497600C52E62 /* Kingfisher in Frameworks */ = {isa = PBXBuildFile; productRef = A519B6542F1C497600C52E62 /* Kingfisher */; };
/* End PBXBuildFile section */

/* Begin PBXContainerItemProxy section */
		A519B4432F1568E200C52E62 /* PBXContainerItemProxy */ = {
			isa = PBXContainerItemProxy;
			containerPortal = A519B42D2F1568E000C52E62 /* Project object */;
			proxyType = 1;
			remoteGlobalIDString = A519B4342F1568E000C52E62;
			remoteInfo = ThreeThousandSummits;
		};
		A519B44D2F1568E200C52E62 /* PBXContainerItemProxy */ = {
			isa = PBXContainerItemProxy;
			containerPortal = A519B42D2F1568E000C52E62 /* Project object */;
			proxyType = 1;
			remoteGlobalIDString = A519B4342F1568E000C52E62;
			remoteInfo = ThreeThousandSummits;
		};
/* End PBXContainerItemProxy section */

/* Begin PBXFileReference section */
		A519B4352F1568E000C52E62 /* ThreeThousandSummits.app */ = {isa = PBXFileReference; explicitFileType = wrapper.application; includeInIndex = 0; path = ThreeThousandSummits.app; sourceTree = BUILT_PRODUCTS_DIR; };
		A519B4422F1568E200C52E62 /* ThreeThousandSummitsTests.xctest */ = {isa = PBXFileReference; explicitFileType = wrapper.cfbundle; includeInIndex = 0; path = ThreeThousandSummitsTests.xctest; sourceTree = BUILT_PRODUCTS_DIR; };
		A519B44C2F1568E200C52E62 /* ThreeThousandSummitsUITests.xctest */ = {isa = PBXFileReference; explicitFileType = wrapper.cfbundle; includeInIndex = 0; path = ThreeThousandSummitsUITests.xctest; sourceTree = BUILT_PRODUCTS_DIR; };
/* End PBXFileReference section */

/* Begin PBXFileSystemSynchronizedRootGroup section */
		A519B4372F1568E000C52E62 /* ThreeThousandSummits */ = {
			isa = PBXFileSystemSynchronizedRootGroup;
			path = ThreeThousandSummits;
			sourceTree = "<group>";
		};
		A519B4452F1568E200C52E62 /* ThreeThousandSummitsTests */ = {
			isa = PBXFileSystemSynchronizedRootGroup;
			path = ThreeThousandSummitsTests;
			sourceTree = "<group>";
		};
		A519B44F2F1568E200C52E62 /* ThreeThousandSummitsUITests */ = {
			isa = PBXFileSystemSynchronizedRootGroup;
			path = ThreeThousandSummitsUITests;
			sourceTree = "<group>";
		};
/* End PBXFileSystemSynchronizedRootGroup section */

/* Begin PBXFrameworksBuildPhase section */
		A519B4322F1568E000C52E62 /* Frameworks */ = {
			isa = PBXFrameworksBuildPhase;
			buildActionMask = 2147483647;
			files = (
				A519B6552F1C497600C52E62 /* Kingfisher in Frameworks */,
				A519B4FE2F1B10A700C52E62 /* Swinject in Frameworks */,
			);
			runOnlyForDeploymentPostprocessing = 0;
		};
		A519B43F2F1568E200C52E62 /* Frameworks */ = {
			isa = PBXFrameworksBuildPhase;
			buildActionMask = 2147483647;
			files = (
			);
			runOnlyForDeploymentPostprocessing = 0;
		};
		A519B4492F1568E200C52E62 /* Frameworks */ = {
			isa = PBXFrameworksBuildPhase;
			buildActionMask = 2147483647;
			files = (
			);
			runOnlyForDeploymentPostprocessing = 0;
		};
/* End PBXFrameworksBuildPhase section */

/* Begin PBXGroup section */
		A519B42C2F1568E000C52E62 = {
			isa = PBXGroup;
			children = (
				A519B4372F1568E000C52E62 /* ThreeThousandSummits */,
				A519B4452F1568E200C52E62 /* ThreeThousandSummitsTests */,
				A519B44F2F1568E200C52E62 /* ThreeThousandSummitsUITests */,
				A519B4362F1568E000C52E62 /* Products */,
			);
			sourceTree = "<group>";
		};
		A519B4362F1568E000C52E62 /* Products */ = {
			isa = PBXGroup;
			children = (
				A519B4352F1568E000C52E62 /* ThreeThousandSummits.app */,
				A519B4422F1568E200C52E62 /* ThreeThousandSummitsTests.xctest */,
				A519B44C2F1568E200C52E62 /* ThreeThousandSummitsUITests.xctest */,
			);
			name = Products;
			sourceTree = "<group>";
		};
/* End PBXGroup section */

/* Begin PBXNativeTarget section */
		A519B4342F1568E000C52E62 /* ThreeThousandSummits */ = {
			isa = PBXNativeTarget;
			buildConfigurationList = A519B4562F1568E200C52E62 /* Build configuration list for PBXNativeTarget "ThreeThousandSummits" */;
			buildPhases = (
				A519B4312F1568E000C52E62 /* Sources */,
				A519B4322F1568E000C52E62 /* Frameworks */,
				A519B4332F1568E000C52E62 /* Resources */,
			);
			buildRules = (
			);
			dependencies = (
			);
			fileSystemSynchronizedGroups = (
				A519B4372F1568E000C52E62 /* ThreeThousandSummits */,
			);
			name = ThreeThousandSummits;
			packageProductDependencies = (
				A519B4FD2F1B10A700C52E62 /* Swinject */,
				A519B6542F1C497600C52E62 /* Kingfisher */,
			);
			productName = ThreeThousandSummits;
			productReference = A519B4352F1568E000C52E62 /* ThreeThousandSummits.app */;
			productType = "com.apple.product-type.application";
		};
		A519B4412F1568E200C52E62 /* ThreeThousandSummitsTests */ = {
			isa = PBXNativeTarget;
			buildConfigurationList = A519B4592F1568E200C52E62 /* Build configuration list for PBXNativeTarget "ThreeThousandSummitsTests" */;
			buildPhases = (
				A519B43E2F1568E200C52E62 /* Sources */,
				A519B43F2F1568E200C52E62 /* Frameworks */,
				A519B4402F1568E200C52E62 /* Resources */,
			);
			buildRules = (
			);
			dependencies = (
				A519B4442F1568E200C52E62 /* PBXTargetDependency */,
			);
			fileSystemSynchronizedGroups = (
				A519B4452F1568E200C52E62 /* ThreeThousandSummitsTests */,
			);
			name = ThreeThousandSummitsTests;
			packageProductDependencies = (
			);
			productName = ThreeThousandSummitsTests;
			productReference = A519B4422F1568E200C52E62 /* ThreeThousandSummitsTests.xctest */;
			productType = "com.apple.product-type.bundle.unit-test";
		};
		A519B44B2F1568E200C52E62 /* ThreeThousandSummitsUITests */ = {
			isa = PBXNativeTarget;
			buildConfigurationList = A519B45C2F1568E200C52E62 /* Build configuration list for PBXNativeTarget "ThreeThousandSummitsUITests" */;
			buildPhases = (
				A519B4482F1568E200C52E62 /* Sources */,
				A519B4492F1568E200C52E62 /* Frameworks */,
				A519B44A2F1568E200C52E62 /* Resources */,
			);
			buildRules = (
			);
			dependencies = (
				A519B44E2F1568E200C52E62 /* PBXTargetDependency */,
			);
			fileSystemSynchronizedGroups = (
				A519B44F2F1568E200C52E62 /* ThreeThousandSummitsUITests */,
			);
			name = ThreeThousandSummitsUITests;
			packageProductDependencies = (
			);
			productName = ThreeThousandSummitsUITests;
			productReference = A519B44C2F1568E200C52E62 /* ThreeThousandSummitsUITests.xctest */;
			productType = "com.apple.product-type.bundle.ui-testing";
		};
/* End PBXNativeTarget section */

/* Begin PBXProject section */
		A519B42D2F1568E000C52E62 /* Project object */ = {
			isa = PBXProject;
			attributes = {
				BuildIndependentTargetsInParallel = 1;
				LastSwiftUpdateCheck = 2610;
				LastUpgradeCheck = 2610;
				TargetAttributes = {
					A519B4342F1568E000C52E62 = {
						CreatedOnToolsVersion = 26.1.1;
					};
					A519B4412F1568E200C52E62 = {
						CreatedOnToolsVersion = 26.1.1;
						TestTargetID = A519B4342F1568E000C52E62;
					};
					A519B44B2F1568E200C52E62 = {
						CreatedOnToolsVersion = 26.1.1;
						TestTargetID = A519B4342F1568E000C52E62;
					};
				};
			};
			buildConfigurationList = A519B4302F1568E000C52E62 /* Build configuration list for PBXProject "ThreeThousandSummits" */;
			developmentRegion = en;
			hasScannedForEncodings = 0;
			knownRegions = (
				en,
				Base,
			);
			mainGroup = A519B42C2F1568E000C52E62;
			minimizedProjectReferenceProxies = 1;
			packageReferences = (
				A519B4FC2F1B10A700C52E62 /* XCRemoteSwiftPackageReference "Swinject" */,
				A519B6532F1C497600C52E62 /* XCRemoteSwiftPackageReference "Kingfisher" */,
			);
			preferredProjectObjectVersion = 77;
			productRefGroup = A519B4362F1568E000C52E62 /* Products */;
			projectDirPath = "";
			projectRoot = "";
			targets = (
				A519B4342F1568E000C52E62 /* ThreeThousandSummits */,
				A519B4412F1568E200C52E62 /* ThreeThousandSummitsTests */,
				A519B44B2F1568E200C52E62 /* ThreeThousandSummitsUITests */,
			);
		};
/* End PBXProject section */

/* Begin PBXResourcesBuildPhase section */
		A519B4332F1568E000C52E62 /* Resources */ = {
			isa = PBXResourcesBuildPhase;
			buildActionMask = 2147483647;
			files = (
			);
			runOnlyForDeploymentPostprocessing = 0;
		};
		A519B4402F1568E200C52E62 /* Resources */ = {
			isa = PBXResourcesBuildPhase;
			buildActionMask = 2147483647;
			files = (
			);
			runOnlyForDeploymentPostprocessing = 0;
		};
		A519B44A2F1568E200C52E62 /* Resources */ = {
			isa = PBXResourcesBuildPhase;
			buildActionMask = 2147483647;
			files = (
			);
			runOnlyForDeploymentPostprocessing = 0;
		};
/* End PBXResourcesBuildPhase section */

/* Begin PBXSourcesBuildPhase section */
		A519B4312F1568E000C52E62 /* Sources */ = {
			isa = PBXSourcesBuildPhase;
			buildActionMask = 2147483647;
			files = (
			);
			runOnlyForDeploymentPostprocessing = 0;
		};
		A519B43E2F1568E200C52E62 /* Sources */ = {
			isa = PBXSourcesBuildPhase;
			buildActionMask = 2147483647;
			files = (
			);
			runOnlyForDeploymentPostprocessing = 0;
		};
		A519B4482F1568E200C52E62 /* Sources */ = {
			isa = PBXSourcesBuildPhase;
			buildActionMask = 2147483647;
			files = (
			);
			runOnlyForDeploymentPostprocessing = 0;
		};
/* End PBXSourcesBuildPhase section */

/* Begin PBXTargetDependency section */
		A519B4442F1568E200C52E62 /* PBXTargetDependency */ = {
			isa = PBXTargetDependency;
			target = A519B4342F1568E000C52E62 /* ThreeThousandSummits */;
			targetProxy = A519B4432F1568E200C52E62 /* PBXContainerItemProxy */;
		};
		A519B44E2F1568E200C52E62 /* PBXTargetDependency */ = {
			isa = PBXTargetDependency;
			target = A519B4342F1568E000C52E62 /* ThreeThousandSummits */;
			targetProxy = A519B44D2F1568E200C52E62 /* PBXContainerItemProxy */;
		};
/* End PBXTargetDependency section */

/* Begin XCBuildConfiguration section */
		A519B4542F1568E200C52E62 /* Debug */ = {
			isa = XCBuildConfiguration;
			buildSettings = {
				ALWAYS_SEARCH_USER_PATHS = NO;
				ASSETCATALOG_COMPILER_GENERATE_SWIFT_ASSET_SYMBOL_EXTENSIONS = YES;
				CLANG_ANALYZER_NONNULL = YES;
				CLANG_ANALYZER_NUMBER_OBJECT_CONVERSION = YES_AGGRESSIVE;
				CLANG_CXX_LANGUAGE_STANDARD = "gnu++20";
				CLANG_ENABLE_MODULES = YES;
				CLANG_ENABLE_OBJC_ARC = YES;
				CLANG_ENABLE_OBJC_WEAK = YES;
				CLANG_WARN_BLOCK_CAPTURE_AUTORELEASING = YES;
				CLANG_WARN_BOOL_CONVERSION = YES;
				CLANG_WARN_COMMA = YES;
				CLANG_WARN_CONSTANT_CONVERSION = YES;
				CLANG_WARN_DEPRECATED_OBJC_IMPLEMENTATIONS = YES;
				CLANG_WARN_DIRECT_OBJC_ISA_USAGE = YES_ERROR;
				CLANG_WARN_DOCUMENTATION_COMMENTS = YES;
				CLANG_WARN_EMPTY_BODY = YES;
				CLANG_WARN_ENUM_CONVERSION = YES;
				CLANG_WARN_INFINITE_RECURSION = YES;
				CLANG_WARN_INT_CONVERSION = YES;
				CLANG_WARN_NON_LITERAL_NULL_CONVERSION = YES;
				CLANG_WARN_OBJC_IMPLICIT_RETAIN_SELF = YES;
				CLANG_WARN_OBJC_LITERAL_CONVERSION = YES;
				CLANG_WARN_OBJC_ROOT_CLASS = YES_ERROR;
				CLANG_WARN_QUOTED_INCLUDE_IN_FRAMEWORK_HEADER = YES;
				CLANG_WARN_RANGE_LOOP_ANALYSIS = YES;
				CLANG_WARN_STRICT_PROTOTYPES = YES;
				CLANG_WARN_SUSPICIOUS_MOVE = YES;
				CLANG_WARN_UNGUARDED_AVAILABILITY = YES_AGGRESSIVE;
				CLANG_WARN_UNREACHABLE_CODE = YES;
				CLANG_WARN__DUPLICATE_METHOD_MATCH = YES;
				COPY_PHASE_STRIP = NO;
				DEBUG_INFORMATION_FORMAT = dwarf;
				DEVELOPMENT_TEAM = MP8R359Z9X;
				ENABLE_STRICT_OBJC_MSGSEND = YES;
				ENABLE_TESTABILITY = YES;
				ENABLE_USER_SCRIPT_SANDBOXING = YES;
				GCC_C_LANGUAGE_STANDARD = gnu17;
				GCC_DYNAMIC_NO_PIC = NO;
				GCC_NO_COMMON_BLOCKS = YES;
				GCC_OPTIMIZATION_LEVEL = 0;
				GCC_PREPROCESSOR_DEFINITIONS = (
					"DEBUG=1",
					"$(inherited)",
				);
				GCC_WARN_64_TO_32_BIT_CONVERSION = YES;
				GCC_WARN_ABOUT_RETURN_TYPE = YES_ERROR;
				GCC_WARN_UNDECLARED_SELECTOR = YES;
				GCC_WARN_UNINITIALIZED_AUTOS = YES_AGGRESSIVE;
				GCC_WARN_UNUSED_FUNCTION = YES;
				GCC_WARN_UNUSED_VARIABLE = YES;
				IPHONEOS_DEPLOYMENT_TARGET = 26.1;
				LOCALIZATION_PREFERS_STRING_CATALOGS = YES;
				MTL_ENABLE_DEBUG_INFO = INCLUDE_SOURCE;
				MTL_FAST_MATH = YES;
				ONLY_ACTIVE_ARCH = YES;
				SDKROOT = iphoneos;
				SWIFT_ACTIVE_COMPILATION_CONDITIONS = "DEBUG $(inherited)";
				SWIFT_OPTIMIZATION_LEVEL = "-Onone";
			};
			name = Debug;
		};
		A519B4552F1568E200C52E62 /* Release */ = {
			isa = XCBuildConfiguration;
			buildSettings = {
				ALWAYS_SEARCH_USER_PATHS = NO;
				ASSETCATALOG_COMPILER_GENERATE_SWIFT_ASSET_SYMBOL_EXTENSIONS = YES;
				CLANG_ANALYZER_NONNULL = YES;
				CLANG_ANALYZER_NUMBER_OBJECT_CONVERSION = YES_AGGRESSIVE;
				CLANG_CXX_LANGUAGE_STANDARD = "gnu++20";
				CLANG_ENABLE_MODULES = YES;
				CLANG_ENABLE_OBJC_ARC = YES;
				CLANG_ENABLE_OBJC_WEAK = YES;
				CLANG_WARN_BLOCK_CAPTURE_AUTORELEASING = YES;
				CLANG_WARN_BOOL_CONVERSION = YES;
				CLANG_WARN_COMMA = YES;
				CLANG_WARN_CONSTANT_CONVERSION = YES;
				CLANG_WARN_DEPRECATED_OBJC_IMPLEMENTATIONS = YES;
				CLANG_WARN_DIRECT_OBJC_ISA_USAGE = YES_ERROR;
				CLANG_WARN_DOCUMENTATION_COMMENTS = YES;
				CLANG_WARN_EMPTY_BODY = YES;
				CLANG_WARN_ENUM_CONVERSION = YES;
				CLANG_WARN_INFINITE_RECURSION = YES;
				CLANG_WARN_INT_CONVERSION = YES;
				CLANG_WARN_NON_LITERAL_NULL_CONVERSION = YES;
				CLANG_WARN_OBJC_IMPLICIT_RETAIN_SELF = YES;
				CLANG_WARN_OBJC_LITERAL_CONVERSION = YES;
				CLANG_WARN_OBJC_ROOT_CLASS = YES_ERROR;
				CLANG_WARN_QUOTED_INCLUDE_IN_FRAMEWORK_HEADER = YES;
				CLANG_WARN_RANGE_LOOP_ANALYSIS = YES;
				CLANG_WARN_STRICT_PROTOTYPES = YES;
				CLANG_WARN_SUSPICIOUS_MOVE = YES;
				CLANG_WARN_UNGUARDED_AVAILABILITY = YES_AGGRESSIVE;
				CLANG_WARN_UNREACHABLE_CODE = YES;
				CLANG_WARN__DUPLICATE_METHOD_MATCH = YES;
				COPY_PHASE_STRIP = NO;
				DEBUG_INFORMATION_FORMAT = "dwarf-with-dsym";
				DEVELOPMENT_TEAM = MP8R359Z9X;
				ENABLE_NS_ASSERTIONS = NO;
				ENABLE_STRICT_OBJC_MSGSEND = YES;
				ENABLE_USER_SCRIPT_SANDBOXING = YES;
				GCC_C_LANGUAGE_STANDARD = gnu17;
				GCC_NO_COMMON_BLOCKS = YES;
				GCC_WARN_64_TO_32_BIT_CONVERSION = YES;
				GCC_WARN_ABOUT_RETURN_TYPE = YES_ERROR;
				GCC_WARN_UNDECLARED_SELECTOR = YES;
				GCC_WARN_UNINITIALIZED_AUTOS = YES_AGGRESSIVE;
				GCC_WARN_UNUSED_FUNCTION = YES;
				GCC_WARN_UNUSED_VARIABLE = YES;
				IPHONEOS_DEPLOYMENT_TARGET = 26.1;
				LOCALIZATION_PREFERS_STRING_CATALOGS = YES;
				MTL_ENABLE_DEBUG_INFO = NO;
				MTL_FAST_MATH = YES;
				SDKROOT = iphoneos;
				SWIFT_COMPILATION_MODE = wholemodule;
				VALIDATE_PRODUCT = YES;
			};
			name = Release;
		};
		A519B4572F1568E200C52E62 /* Debug */ = {
			isa = XCBuildConfiguration;
			buildSettings = {
				ASSETCATALOG_COMPILER_APPICON_NAME = AppIcon;
				ASSETCATALOG_COMPILER_GLOBAL_ACCENT_COLOR_NAME = AccentColor;
				CODE_SIGN_STYLE = Automatic;
				CURRENT_PROJECT_VERSION = 1;
				DEVELOPMENT_TEAM = MP8R359Z9X;
				ENABLE_PREVIEWS = YES;
				GENERATE_INFOPLIST_FILE = YES;
				INFOPLIST_KEY_UIApplicationSceneManifest_Generation = YES;
				INFOPLIST_KEY_UIApplicationSupportsIndirectInputEvents = YES;
				INFOPLIST_KEY_UILaunchScreen_Generation = YES;
				INFOPLIST_KEY_UISupportedInterfaceOrientations_iPad = "UIInterfaceOrientationPortrait UIInterfaceOrientationPortraitUpsideDown UIInterfaceOrientationLandscapeLeft UIInterfaceOrientationLandscapeRight";
				INFOPLIST_KEY_UISupportedInterfaceOrientations_iPhone = "UIInterfaceOrientationPortrait UIInterfaceOrientationLandscapeLeft UIInterfaceOrientationLandscapeRight";
				LD_RUNPATH_SEARCH_PATHS = (
					"$(inherited)",
					"@executable_path/Frameworks",
				);
				MARKETING_VERSION = 1.0;
				PRODUCT_BUNDLE_IDENTIFIER = alejandrogarcia.ThreeThousandSummits;
				PRODUCT_NAME = "$(TARGET_NAME)";
				STRING_CATALOG_GENERATE_SYMBOLS = YES;
				SWIFT_APPROACHABLE_CONCURRENCY = YES;
				SWIFT_DEFAULT_ACTOR_ISOLATION = MainActor;
				SWIFT_EMIT_LOC_STRINGS = YES;
				SWIFT_UPCOMING_FEATURE_MEMBER_IMPORT_VISIBILITY = YES;
				SWIFT_VERSION = 5.0;
				TARGETED_DEVICE_FAMILY = "1,2";
			};
			name = Debug;
		};
		A519B4582F1568E200C52E62 /* Release */ = {
			isa = XCBuildConfiguration;
			buildSettings = {
				ASSETCATALOG_COMPILER_APPICON_NAME = AppIcon;
				ASSETCATALOG_COMPILER_GLOBAL_ACCENT_COLOR_NAME = AccentColor;
				CODE_SIGN_STYLE = Automatic;
				CURRENT_PROJECT_VERSION = 1;
				DEVELOPMENT_TEAM = MP8R359Z9X;
				ENABLE_PREVIEWS = YES;
				GENERATE_INFOPLIST_FILE = YES;
				INFOPLIST_KEY_UIApplicationSceneManifest_Generation = YES;
				INFOPLIST_KEY_UIApplicationSupportsIndirectInputEvents = YES;
				INFOPLIST_KEY_UILaunchScreen_Generation = YES;
				INFOPLIST_KEY_UISupportedInterfaceOrientations_iPad = "UIInterfaceOrientationPortrait UIInterfaceOrientationPortraitUpsideDown UIInterfaceOrientationLandscapeLeft UIInterfaceOrientationLandscapeRight";
				INFOPLIST_KEY_UISupportedInterfaceOrientations_iPhone = "UIInterfaceOrientationPortrait UIInterfaceOrientationLandscapeLeft UIInterfaceOrientationLandscapeRight";
				LD_RUNPATH_SEARCH_PATHS = (
					"$(inherited)",
					"@executable_path/Frameworks",
				);
				MARKETING_VERSION = 1.0;
				PRODUCT_BUNDLE_IDENTIFIER = alejandrogarcia.ThreeThousandSummits;
				PRODUCT_NAME = "$(TARGET_NAME)";
				STRING_CATALOG_GENERATE_SYMBOLS = YES;
				SWIFT_APPROACHABLE_CONCURRENCY = YES;
				SWIFT_DEFAULT_ACTOR_ISOLATION = MainActor;
				SWIFT_EMIT_LOC_STRINGS = YES;
				SWIFT_UPCOMING_FEATURE_MEMBER_IMPORT_VISIBILITY = YES;
				SWIFT_VERSION = 5.0;
				TARGETED_DEVICE_FAMILY = "1,2";
			};
			name = Release;
		};
		A519B45A2F1568E200C52E62 /* Debug */ = {
			isa = XCBuildConfiguration;
			buildSettings = {
				BUNDLE_LOADER = "$(TEST_HOST)";
				CODE_SIGN_STYLE = Automatic;
				CURRENT_PROJECT_VERSION = 1;
				DEVELOPMENT_TEAM = MP8R359Z9X;
				GENERATE_INFOPLIST_FILE = YES;
				IPHONEOS_DEPLOYMENT_TARGET = 26.1;
				MARKETING_VERSION = 1.0;
				PRODUCT_BUNDLE_IDENTIFIER = alejandrogarcia.ThreeThousandSummitsTests;
				PRODUCT_NAME = "$(TARGET_NAME)";
				STRING_CATALOG_GENERATE_SYMBOLS = NO;
				SWIFT_APPROACHABLE_CONCURRENCY = YES;
				SWIFT_EMIT_LOC_STRINGS = NO;
				SWIFT_UPCOMING_FEATURE_MEMBER_IMPORT_VISIBILITY = YES;
				SWIFT_VERSION = 5.0;
				TARGETED_DEVICE_FAMILY = "1,2";
				TEST_HOST = "$(BUILT_PRODUCTS_DIR)/ThreeThousandSummits.app/$(BUNDLE_EXECUTABLE_FOLDER_PATH)/ThreeThousandSummits";
			};
			name = Debug;
		};
		A519B45B2F1568E200C52E62 /* Release */ = {
			isa = XCBuildConfiguration;
			buildSettings = {
				BUNDLE_LOADER = "$(TEST_HOST)";
				CODE_SIGN_STYLE = Automatic;
				CURRENT_PROJECT_VERSION = 1;
				DEVELOPMENT_TEAM = MP8R359Z9X;
				GENERATE_INFOPLIST_FILE = YES;
				IPHONEOS_DEPLOYMENT_TARGET = 26.1;
				MARKETING_VERSION = 1.0;
				PRODUCT_BUNDLE_IDENTIFIER = alejandrogarcia.ThreeThousandSummitsTests;
				PRODUCT_NAME = "$(TARGET_NAME)";
				STRING_CATALOG_GENERATE_SYMBOLS = NO;
				SWIFT_APPROACHABLE_CONCURRENCY = YES;
				SWIFT_EMIT_LOC_STRINGS = NO;
				SWIFT_UPCOMING_FEATURE_MEMBER_IMPORT_VISIBILITY = YES;
				SWIFT_VERSION = 5.0;
				TARGETED_DEVICE_FAMILY = "1,2";
				TEST_HOST = "$(BUILT_PRODUCTS_DIR)/ThreeThousandSummits.app/$(BUNDLE_EXECUTABLE_FOLDER_PATH)/ThreeThousandSummits";
			};
			name = Release;
		};
		A519B45D2F1568E200C52E62 /* Debug */ = {
			isa = XCBuildConfiguration;
			buildSettings = {
				CODE_SIGN_STYLE = Automatic;
				CURRENT_PROJECT_VERSION = 1;
				DEVELOPMENT_TEAM = MP8R359Z9X;
				GENERATE_INFOPLIST_FILE = YES;
				MARKETING_VERSION = 1.0;
				PRODUCT_BUNDLE_IDENTIFIER = alejandrogarcia.ThreeThousandSummitsUITests;
				PRODUCT_NAME = "$(TARGET_NAME)";
				STRING_CATALOG_GENERATE_SYMBOLS = NO;
				SWIFT_APPROACHABLE_CONCURRENCY = YES;
				SWIFT_EMIT_LOC_STRINGS = NO;
				SWIFT_UPCOMING_FEATURE_MEMBER_IMPORT_VISIBILITY = YES;
				SWIFT_VERSION = 5.0;
				TARGETED_DEVICE_FAMILY = "1,2";
				TEST_TARGET_NAME = ThreeThousandSummits;
			};
			name = Debug;
		};
		A519B45E2F1568E200C52E62 /* Release */ = {
			isa = XCBuildConfiguration;
			buildSettings = {
				CODE_SIGN_STYLE = Automatic;
				CURRENT_PROJECT_VERSION = 1;
				DEVELOPMENT_TEAM = MP8R359Z9X;
				GENERATE_INFOPLIST_FILE = YES;
				MARKETING_VERSION = 1.0;
				PRODUCT_BUNDLE_IDENTIFIER = alejandrogarcia.ThreeThousandSummitsUITests;
				PRODUCT_NAME = "$(TARGET_NAME)";
				STRING_CATALOG_GENERATE_SYMBOLS = NO;
				SWIFT_APPROACHABLE_CONCURRENCY = YES;
				SWIFT_EMIT_LOC_STRINGS = NO;
				SWIFT_UPCOMING_FEATURE_MEMBER_IMPORT_VISIBILITY = YES;
				SWIFT_VERSION = 5.0;
				TARGETED_DEVICE_FAMILY = "1,2";
				TEST_TARGET_NAME = ThreeThousandSummits;
			};
			name = Release;
		};
/* End XCBuildConfiguration section */

/* Begin XCConfigurationList section */
		A519B4302F1568E000C52E62 /* Build configuration list for PBXProject "ThreeThousandSummits" */ = {
			isa = XCConfigurationList;
			buildConfigurations = (
				A519B4542F1568E200C52E62 /* Debug */,
				A519B4552F1568E200C52E62 /* Release */,
			);
			defaultConfigurationIsVisible = 0;
			defaultConfigurationName = Release;
		};
		A519B4562F1568E200C52E62 /* Build configuration list for PBXNativeTarget "ThreeThousandSummits" */ = {
			isa = XCConfigurationList;
			buildConfigurations = (
				A519B4572F1568E200C52E62 /* Debug */,
				A519B4582F1568E200C52E62 /* Release */,
			);
			defaultConfigurationIsVisible = 0;
			defaultConfigurationName = Release;
		};
		A519B4592F1568E200C52E62 /* Build configuration list for PBXNativeTarget "ThreeThousandSummitsTests" */ = {
			isa = XCConfigurationList;
			buildConfigurations = (
				A519B45A2F1568E200C52E62 /* Debug */,
				A519B45B2F1568E200C52E62 /* Release */,
			);
			defaultConfigurationIsVisible = 0;
			defaultConfigurationName = Release;
		};
		A519B45C2F1568E200C52E62 /* Build configuration list for PBXNativeTarget "ThreeThousandSummitsUITests" */ = {
			isa = XCConfigurationList;
			buildConfigurations = (
				A519B45D2F1568E200C52E62 /* Debug */,
				A519B45E2F1568E200C52E62 /* Release */,
			);
			defaultConfigurationIsVisible = 0;
			defaultConfigurationName = Release;
		};
/* End XCConfigurationList section */

/* Begin XCRemoteSwiftPackageReference section */
		A519B4FC2F1B10A700C52E62 /* XCRemoteSwiftPackageReference "Swinject" */ = {
			isa = XCRemoteSwiftPackageReference;
			repositoryURL = "https://github.com/Swinject/Swinject";
			requirement = {
				kind = exactVersion;
				version = 2.9.1;
			};
		};
		A519B6532F1C497600C52E62 /* XCRemoteSwiftPackageReference "Kingfisher" */ = {
			isa = XCRemoteSwiftPackageReference;
			repositoryURL = "https://github.com/onevcat/Kingfisher.git";
			requirement = {
				kind = exactVersion;
				version = 7.11.0;
			};
		};
/* End XCRemoteSwiftPackageReference section */

/* Begin XCSwiftPackageProductDependency section */
		A519B4FD2F1B10A700C52E62 /* Swinject */ = {
			isa = XCSwiftPackageProductDependency;
			package = A519B4FC2F1B10A700C52E62 /* XCRemoteSwiftPackageReference "Swinject" */;
			productName = Swinject;
		};
		A519B6542F1C497600C52E62 /* Kingfisher */ = {
			isa = XCSwiftPackageProductDependency;
			package = A519B6532F1C497600C52E62 /* XCRemoteSwiftPackageReference "Kingfisher" */;
			productName = Kingfisher;
		};
/* End XCSwiftPackageProductDependency section */
	};
	rootObject = A519B42D2F1568E000C52E62 /* Project object */;
}
